
Microsoft Visual Studio Solution File, Format Version 12.00
# Blend for Visual Studio Version 17
VisualStudioVersion = 17.12.35209.166
MinimumVisualStudioVersion = 10.0.40219.1
Project("{FAE04EC0-301F-11D3-BF4B-00C04F79EFBC}") = "MVVM project", "MVVM project\MVVM project.csproj", "{D083DC46-CA90-4A4B-92FD-28C208A319EC}"
EndProject
Global
	GlobalSection(SolutionConfigurationPlatforms) = preSolution
		Debug|Any CPU = Debug|Any CPU
		Release|Any CPU = Release|Any CPU
	EndGlobalSection
	GlobalSection(ProjectConfigurationPlatforms) = postSolution
		{D083DC46-CA90-4A4B-92FD-28C208A319EC}.Debug|Any CPU.ActiveCfg = Debug|Any CPU
		{D083DC46-CA90-4A4B-92FD-28C208A319EC}.Debug|Any CPU.Build.0 = Debug|Any CPU
		{D083DC46-CA90-4A4B-92FD-28C208A319EC}.Release|Any CPU.ActiveCfg = Release|Any CPU
		{D083DC46-CA90-4A4B-92FD-28C208A319EC}.Release|Any CPU.Build.0 = Release|Any CPU
	EndGlobalSection
	GlobalSection(SolutionProperties) = preSolution
		HideSolutionNode = FALSE
	EndGlobalSection
	GlobalSection(ExtensibilityGlobals) = postSolution
		SolutionGuid = {789EB287-D7FB-4BE9-AE2C-4B0389DAA880}
	EndGlobalSection
EndGlobal
